// !$*UTF8*$!
{
	archiveVersion = 1;
	classes = {
	};
	objectVersion = 50;
	objects = {

/* Begin PBXBuildFile section */
		039B655FA1C2FBF415A39C1F /* Pods_flix_flixUITests.framework in Frameworks */ = {isa = PBXBuildFile; fileRef = 2FA1BA8FEA0B184FB9559739 /* Pods_flix_flixUITests.framework */; };
		2286B36B43F3108E64EA29E6 /* Pods_flix.framework in Frameworks */ = {isa = PBXBuildFile; fileRef = DE55DCCD460B8CFF3D1C0D34 /* Pods_flix.framework */; };
		71F5E96E25D737A600733DB7 /* AppDelegate.swift in Sources */ = {isa = PBXBuildFile; fileRef = 71F5E96D25D737A600733DB7 /* AppDelegate.swift */; };
		71F5E97025D737A600733DB7 /* SceneDelegate.swift in Sources */ = {isa = PBXBuildFile; fileRef = 71F5E96F25D737A600733DB7 /* SceneDelegate.swift */; };
		71F5E97525D737A600733DB7 /* Main.storyboard in Resources */ = {isa = PBXBuildFile; fileRef = 71F5E97325D737A600733DB7 /* Main.storyboard */; };
		71F5E97725D737A800733DB7 /* Assets.xcassets in Resources */ = {isa = PBXBuildFile; fileRef = 71F5E97625D737A800733DB7 /* Assets.xcassets */; };
		71F5E97A25D737A800733DB7 /* LaunchScreen.storyboard in Resources */ = {isa = PBXBuildFile; fileRef = 71F5E97825D737A800733DB7 /* LaunchScreen.storyboard */; };
		71F5E98525D737A800733DB7 /* flixTests.swift in Sources */ = {isa = PBXBuildFile; fileRef = 71F5E98425D737A800733DB7 /* flixTests.swift */; };
		71F5E99025D737A900733DB7 /* flixUITests.swift in Sources */ = {isa = PBXBuildFile; fileRef = 71F5E98F25D737A900733DB7 /* flixUITests.swift */; };
		71F5E9A425D7396600733DB7 /* MoviesViewController.swift in Sources */ = {isa = PBXBuildFile; fileRef = 71F5E9A325D7396600733DB7 /* MoviesViewController.swift */; };
		71F5E9A925D7562700733DB7 /* MovieCell.swift in Sources */ = {isa = PBXBuildFile; fileRef = 71F5E9A825D7562700733DB7 /* MovieCell.swift */; };
		FE3A16852E404AEF5860211E /* Pods_flixTests.framework in Frameworks */ = {isa = PBXBuildFile; fileRef = 1AA7A748B35582D3C5D09B45 /* Pods_flixTests.framework */; };
/* End PBXBuildFile section */

/* Begin PBXContainerItemProxy section */
		71F5E98125D737A800733DB7 /* PBXContainerItemProxy */ = {
			isa = PBXContainerItemProxy;
			containerPortal = 71F5E96225D737A500733DB7 /* Project object */;
			proxyType = 1;
			remoteGlobalIDString = 71F5E96925D737A500733DB7;
			remoteInfo = flix;
		};
		71F5E98C25D737A900733DB7 /* PBXContainerItemProxy */ = {
			isa = PBXContainerItemProxy;
			containerPortal = 71F5E96225D737A500733DB7 /* Project object */;
			proxyType = 1;
			remoteGlobalIDString = 71F5E96925D737A500733DB7;
			remoteInfo = flix;
		};
/* End PBXContainerItemProxy section */

/* Begin PBXFileReference section */
		1AA7A748B35582D3C5D09B45 /* Pods_flixTests.framework */ = {isa = PBXFileReference; explicitFileType = wrapper.framework; includeInIndex = 0; path = Pods_flixTests.framework; sourceTree = BUILT_PRODUCTS_DIR; };
		2FA1BA8FEA0B184FB9559739 /* Pods_flix_flixUITests.framework */ = {isa = PBXFileReference; explicitFileType = wrapper.framework; includeInIndex = 0; path = Pods_flix_flixUITests.framework; sourceTree = BUILT_PRODUCTS_DIR; };
		570CFA35839F203F2F90D072 /* Pods-flix.debug.xcconfig */ = {isa = PBXFileReference; includeInIndex = 1; lastKnownFileType = text.xcconfig; name = "Pods-flix.debug.xcconfig"; path = "Target Support Files/Pods-flix/Pods-flix.debug.xcconfig"; sourceTree = "<group>"; };
		71F5E96A25D737A600733DB7 /* flix.app */ = {isa = PBXFileReference; explicitFileType = wrapper.application; includeInIndex = 0; path = flix.app; sourceTree = BUILT_PRODUCTS_DIR; };
		71F5E96D25D737A600733DB7 /* AppDelegate.swift */ = {isa = PBXFileReference; lastKnownFileType = sourcecode.swift; path = AppDelegate.swift; sourceTree = "<group>"; };
		71F5E96F25D737A600733DB7 /* SceneDelegate.swift */ = {isa = PBXFileReference; lastKnownFileType = sourcecode.swift; path = SceneDelegate.swift; sourceTree = "<group>"; };
		71F5E97425D737A600733DB7 /* Base */ = {isa = PBXFileReference; lastKnownFileType = file.storyboard; name = Base; path = Base.lproj/Main.storyboard; sourceTree = "<group>"; };
		71F5E97625D737A800733DB7 /* Assets.xcassets */ = {isa = PBXFileReference; lastKnownFileType = folder.assetcatalog; path = Assets.xcassets; sourceTree = "<group>"; };
		71F5E97925D737A800733DB7 /* Base */ = {isa = PBXFileReference; lastKnownFileType = file.storyboard; name = Base; path = Base.lproj/LaunchScreen.storyboard; sourceTree = "<group>"; };
		71F5E97B25D737A800733DB7 /* Info.plist */ = {isa = PBXFileReference; lastKnownFileType = text.plist.xml; path = Info.plist; sourceTree = "<group>"; };
		71F5E98025D737A800733DB7 /* flixTests.xctest */ = {isa = PBXFileReference; explicitFileType = wrapper.cfbundle; includeInIndex = 0; path = flixTests.xctest; sourceTree = BUILT_PRODUCTS_DIR; };
		71F5E98425D737A800733DB7 /* flixTests.swift */ = {isa = PBXFileReference; lastKnownFileType = sourcecode.swift; path = flixTests.swift; sourceTree = "<group>"; };
		71F5E98625D737A800733DB7 /* Info.plist */ = {isa = PBXFileReference; lastKnownFileType = text.plist.xml; path = Info.plist; sourceTree = "<group>"; };
		71F5E98B25D737A900733DB7 /* flixUITests.xctest */ = {isa = PBXFileReference; explicitFileType = wrapper.cfbundle; includeInIndex = 0; path = flixUITests.xctest; sourceTree = BUILT_PRODUCTS_DIR; };
		71F5E98F25D737A900733DB7 /* flixUITests.swift */ = {isa = PBXFileReference; lastKnownFileType = sourcecode.swift; path = flixUITests.swift; sourceTree = "<group>"; };
		71F5E99125D737A900733DB7 /* Info.plist */ = {isa = PBXFileReference; lastKnownFileType = text.plist.xml; path = Info.plist; sourceTree = "<group>"; };
		71F5E9A325D7396600733DB7 /* MoviesViewController.swift */ = {isa = PBXFileReference; lastKnownFileType = sourcecode.swift; path = MoviesViewController.swift; sourceTree = "<group>"; };
		71F5E9A825D7562700733DB7 /* MovieCell.swift */ = {isa = PBXFileReference; lastKnownFileType = sourcecode.swift; path = MovieCell.swift; sourceTree = "<group>"; };
		833F435921F15C858D384BFA /* Pods-flix-flixUITests.debug.xcconfig */ = {isa = PBXFileReference; includeInIndex = 1; lastKnownFileType = text.xcconfig; name = "Pods-flix-flixUITests.debug.xcconfig"; path = "Target Support Files/Pods-flix-flixUITests/Pods-flix-flixUITests.debug.xcconfig"; sourceTree = "<group>"; };
		AA71CD4B1C022BB59101A327 /* Pods-flix-flixUITests.release.xcconfig */ = {isa = PBXFileReference; includeInIndex = 1; lastKnownFileType = text.xcconfig; name = "Pods-flix-flixUITests.release.xcconfig"; path = "Target Support Files/Pods-flix-flixUITests/Pods-flix-flixUITests.release.xcconfig"; sourceTree = "<group>"; };
		C0DBEDF0D085653875EF515F /* Pods-flixTests.release.xcconfig */ = {isa = PBXFileReference; includeInIndex = 1; lastKnownFileType = text.xcconfig; name = "Pods-flixTests.release.xcconfig"; path = "Target Support Files/Pods-flixTests/Pods-flixTests.release.xcconfig"; sourceTree = "<group>"; };
		D95AD6B88C64C3D45B5C9D9D /* Pods-flix.release.xcconfig */ = {isa = PBXFileReference; includeInIndex = 1; lastKnownFileType = text.xcconfig; name = "Pods-flix.release.xcconfig"; path = "Target Support Files/Pods-flix/Pods-flix.release.xcconfig"; sourceTree = "<group>"; };
		DE55DCCD460B8CFF3D1C0D34 /* Pods_flix.framework */ = {isa = PBXFileReference; explicitFileType = wrapper.framework; includeInIndex = 0; path = Pods_flix.framework; sourceTree = BUILT_PRODUCTS_DIR; };
		EB6FF91C4D3004497B992F54 /* Pods-flixTests.debug.xcconfig */ = {isa = PBXFileReference; includeInIndex = 1; lastKnownFileType = text.xcconfig; name = "Pods-flixTests.debug.xcconfig"; path = "Target Support Files/Pods-flixTests/Pods-flixTests.debug.xcconfig"; sourceTree = "<group>"; };
/* End PBXFileReference section */

/* Begin PBXFrameworksBuildPhase section */
		71F5E96725D737A500733DB7 /* Frameworks */ = {
			isa = PBXFrameworksBuildPhase;
			buildActionMask = 2147483647;
			files = (
				2286B36B43F3108E64EA29E6 /* Pods_flix.framework in Frameworks */,
			);
			runOnlyForDeploymentPostprocessing = 0;
		};
		71F5E97D25D737A800733DB7 /* Frameworks */ = {
			isa = PBXFrameworksBuildPhase;
			buildActionMask = 2147483647;
			files = (
				FE3A16852E404AEF5860211E /* Pods_flixTests.framework in Frameworks */,
			);
			runOnlyForDeploymentPostprocessing = 0;
		};
		71F5E98825D737A900733DB7 /* Frameworks */ = {
			isa = PBXFrameworksBuildPhase;
			buildActionMask = 2147483647;
			files = (
				039B655FA1C2FBF415A39C1F /* Pods_flix_flixUITests.framework in Frameworks */,
			);
			runOnlyForDeploymentPostprocessing = 0;
		};
/* End PBXFrameworksBuildPhase section */

/* Begin PBXGroup section */
		3973EFC99CE6E1DEA216D214 /* Pods */ = {
			isa = PBXGroup;
			children = (
				570CFA35839F203F2F90D072 /* Pods-flix.debug.xcconfig */,
				D95AD6B88C64C3D45B5C9D9D /* Pods-flix.release.xcconfig */,
				833F435921F15C858D384BFA /* Pods-flix-flixUITests.debug.xcconfig */,
				AA71CD4B1C022BB59101A327 /* Pods-flix-flixUITests.release.xcconfig */,
				EB6FF91C4D3004497B992F54 /* Pods-flixTests.debug.xcconfig */,
				C0DBEDF0D085653875EF515F /* Pods-flixTests.release.xcconfig */,
			);
			name = Pods;
			path = Pods;
			sourceTree = "<group>";
		};
		53CFDA4A414B6F355C25A497 /* Frameworks */ = {
			isa = PBXGroup;
			children = (
				DE55DCCD460B8CFF3D1C0D34 /* Pods_flix.framework */,
				2FA1BA8FEA0B184FB9559739 /* Pods_flix_flixUITests.framework */,
				1AA7A748B35582D3C5D09B45 /* Pods_flixTests.framework */,
			);
			name = Frameworks;
			sourceTree = "<group>";
		};
		71F5E96125D737A500733DB7 = {
			isa = PBXGroup;
			children = (
				71F5E96C25D737A600733DB7 /* flix */,
				71F5E98325D737A800733DB7 /* flixTests */,
				71F5E98E25D737A900733DB7 /* flixUITests */,
				71F5E96B25D737A600733DB7 /* Products */,
				3973EFC99CE6E1DEA216D214 /* Pods */,
				53CFDA4A414B6F355C25A497 /* Frameworks */,
			);
			sourceTree = "<group>";
		};
		71F5E96B25D737A600733DB7 /* Products */ = {
			isa = PBXGroup;
			children = (
				71F5E96A25D737A600733DB7 /* flix.app */,
				71F5E98025D737A800733DB7 /* flixTests.xctest */,
				71F5E98B25D737A900733DB7 /* flixUITests.xctest */,
			);
			name = Products;
			sourceTree = "<group>";
		};
		71F5E96C25D737A600733DB7 /* flix */ = {
			isa = PBXGroup;
			children = (
				71F5E96D25D737A600733DB7 /* AppDelegate.swift */,
				71F5E96F25D737A600733DB7 /* SceneDelegate.swift */,
				71F5E97325D737A600733DB7 /* Main.storyboard */,
				71F5E97625D737A800733DB7 /* Assets.xcassets */,
				71F5E97825D737A800733DB7 /* LaunchScreen.storyboard */,
				71F5E97B25D737A800733DB7 /* Info.plist */,
				71F5E9A325D7396600733DB7 /* MoviesViewController.swift */,
				71F5E9A825D7562700733DB7 /* MovieCell.swift */,
			);
			path = flix;
			sourceTree = "<group>";
		};
		71F5E98325D737A800733DB7 /* flixTests */ = {
			isa = PBXGroup;
			children = (
				71F5E98425D737A800733DB7 /* flixTests.swift */,
				71F5E98625D737A800733DB7 /* Info.plist */,
			);
			path = flixTests;
			sourceTree = "<group>";
		};
		71F5E98E25D737A900733DB7 /* flixUITests */ = {
			isa = PBXGroup;
			children = (
				71F5E98F25D737A900733DB7 /* flixUITests.swift */,
				71F5E99125D737A900733DB7 /* Info.plist */,
			);
			path = flixUITests;
			sourceTree = "<group>";
		};
/* End PBXGroup section */

/* Begin PBXNativeTarget section */
		71F5E96925D737A500733DB7 /* flix */ = {
			isa = PBXNativeTarget;
			buildConfigurationList = 71F5E99425D737A900733DB7 /* Build configuration list for PBXNativeTarget "flix" */;
			buildPhases = (
				8A06C121C4F2BA8E5DC757E1 /* [CP] Check Pods Manifest.lock */,
				71F5E96625D737A500733DB7 /* Sources */,
				71F5E96725D737A500733DB7 /* Frameworks */,
				71F5E96825D737A500733DB7 /* Resources */,
				97AE2DFECDA017CF6491BD8C /* [CP] Embed Pods Frameworks */,
			);
			buildRules = (
			);
			dependencies = (
			);
			name = flix;
			productName = flix;
			productReference = 71F5E96A25D737A600733DB7 /* flix.app */;
			productType = "com.apple.product-type.application";
		};
		71F5E97F25D737A800733DB7 /* flixTests */ = {
			isa = PBXNativeTarget;
			buildConfigurationList = 71F5E99725D737A900733DB7 /* Build configuration list for PBXNativeTarget "flixTests" */;
			buildPhases = (
				573F992A7AC6C409D6F74FA8 /* [CP] Check Pods Manifest.lock */,
				71F5E97C25D737A800733DB7 /* Sources */,
				71F5E97D25D737A800733DB7 /* Frameworks */,
				71F5E97E25D737A800733DB7 /* Resources */,
			);
			buildRules = (
			);
			dependencies = (
				71F5E98225D737A800733DB7 /* PBXTargetDependency */,
			);
			name = flixTests;
			productName = flixTests;
			productReference = 71F5E98025D737A800733DB7 /* flixTests.xctest */;
			productType = "com.apple.product-type.bundle.unit-test";
		};
		71F5E98A25D737A900733DB7 /* flixUITests */ = {
			isa = PBXNativeTarget;
			buildConfigurationList = 71F5E99A25D737A900733DB7 /* Build configuration list for PBXNativeTarget "flixUITests" */;
			buildPhases = (
				0627176BBC9C5FE473079805 /* [CP] Check Pods Manifest.lock */,
				71F5E98725D737A900733DB7 /* Sources */,
				71F5E98825D737A900733DB7 /* Frameworks */,
				71F5E98925D737A900733DB7 /* Resources */,
				F6B4D814190C0969D7D4D928 /* [CP] Embed Pods Frameworks */,
			);
			buildRules = (
			);
			dependencies = (
				71F5E98D25D737A900733DB7 /* PBXTargetDependency */,
			);
			name = flixUITests;
			productName = flixUITests;
			productReference = 71F5E98B25D737A900733DB7 /* flixUITests.xctest */;
			productType = "com.apple.product-type.bundle.ui-testing";
		};
/* End PBXNativeTarget section */

/* Begin PBXProject section */
		71F5E96225D737A500733DB7 /* Project object */ = {
			isa = PBXProject;
			attributes = {
				LastSwiftUpdateCheck = 1240;
				LastUpgradeCheck = 1240;
				TargetAttributes = {
					71F5E96925D737A500733DB7 = {
						CreatedOnToolsVersion = 12.4;
					};
					71F5E97F25D737A800733DB7 = {
						CreatedOnToolsVersion = 12.4;
						TestTargetID = 71F5E96925D737A500733DB7;
					};
					71F5E98A25D737A900733DB7 = {
						CreatedOnToolsVersion = 12.4;
						TestTargetID = 71F5E96925D737A500733DB7;
					};
				};
			};
			buildConfigurationList = 71F5E96525D737A500733DB7 /* Build configuration list for PBXProject "flix" */;
			compatibilityVersion = "Xcode 9.3";
			developmentRegion = en;
			hasScannedForEncodings = 0;
			knownRegions = (
				en,
				Base,
			);
			mainGroup = 71F5E96125D737A500733DB7;
			productRefGroup = 71F5E96B25D737A600733DB7 /* Products */;
			projectDirPath = "";
			projectRoot = "";
			targets = (
				71F5E96925D737A500733DB7 /* flix */,
				71F5E97F25D737A800733DB7 /* flixTests */,
				71F5E98A25D737A900733DB7 /* flixUITests */,
			);
		};
/* End PBXProject section */

/* Begin PBXResourcesBuildPhase section */
		71F5E96825D737A500733DB7 /* Resources */ = {
			isa = PBXResourcesBuildPhase;
			buildActionMask = 2147483647;
			files = (
				71F5E97A25D737A800733DB7 /* LaunchScreen.storyboard in Resources */,
				71F5E97725D737A800733DB7 /* Assets.xcassets in Resources */,
				71F5E97525D737A600733DB7 /* Main.storyboard in Resources */,
			);
			runOnlyForDeploymentPostprocessing = 0;
		};
		71F5E97E25D737A800733DB7 /* Resources */ = {
			isa = PBXResourcesBuildPhase;
			buildActionMask = 2147483647;
			files = (
			);
			runOnlyForDeploymentPostprocessing = 0;
		};
		71F5E98925D737A900733DB7 /* Resources */ = {
			isa = PBXResourcesBuildPhase;
			buildActionMask = 2147483647;
			files = (
			);
			runOnlyForDeploymentPostprocessing = 0;
		};
/* End PBXResourcesBuildPhase section */

/* Begin PBXShellScriptBuildPhase section */
		0627176BBC9C5FE473079805 /* [CP] Check Pods Manifest.lock */ = {
			isa = PBXShellScriptBuildPhase;
			buildActionMask = 2147483647;
			files = (
			);
			inputFileListPaths = (
			);
			inputPaths = (
				"${PODS_PODFILE_DIR_PATH}/Podfile.lock",
				"${PODS_ROOT}/Manifest.lock",
			);
			name = "[CP] Check Pods Manifest.lock";
			outputFileListPaths = (
			);
			outputPaths = (
				"$(DERIVED_FILE_DIR)/Pods-flix-flixUITests-checkManifestLockResult.txt",
			);
			runOnlyForDeploymentPostprocessing = 0;
			shellPath = /bin/sh;
			shellScript = "diff \"${PODS_PODFILE_DIR_PATH}/Podfile.lock\" \"${PODS_ROOT}/Manifest.lock\" > /dev/null\nif [ $? != 0 ] ; then\n    # print error to STDERR\n    echo \"error: The sandbox is not in sync with the Podfile.lock. Run 'pod install' or update your CocoaPods installation.\" >&2\n    exit 1\nfi\n# This output is used by Xcode 'outputs' to avoid re-running this script phase.\necho \"SUCCESS\" > \"${SCRIPT_OUTPUT_FILE_0}\"\n";
			showEnvVarsInLog = 0;
		};
		573F992A7AC6C409D6F74FA8 /* [CP] Check Pods Manifest.lock */ = {
			isa = PBXShellScriptBuildPhase;
			buildActionMask = 2147483647;
			files = (
			);
			inputFileListPaths = (
			);
			inputPaths = (
				"${PODS_PODFILE_DIR_PATH}/Podfile.lock",
				"${PODS_ROOT}/Manifest.lock",
			);
			name = "[CP] Check Pods Manifest.lock";
			outputFileListPaths = (
			);
			outputPaths = (
				"$(DERIVED_FILE_DIR)/Pods-flixTests-checkManifestLockResult.txt",
			);
			runOnlyForDeploymentPostprocessing = 0;
			shellPath = /bin/sh;
			shellScript = "diff \"${PODS_PODFILE_DIR_PATH}/Podfile.lock\" \"${PODS_ROOT}/Manifest.lock\" > /dev/null\nif [ $? != 0 ] ; then\n    # print error to STDERR\n    echo \"error: The sandbox is not in sync with the Podfile.lock. Run 'pod install' or update your CocoaPods installation.\" >&2\n    exit 1\nfi\n# This output is used by Xcode 'outputs' to avoid re-running this script phase.\necho \"SUCCESS\" > \"${SCRIPT_OUTPUT_FILE_0}\"\n";
			showEnvVarsInLog = 0;
		};
		8A06C121C4F2BA8E5DC757E1 /* [CP] Check Pods Manifest.lock */ = {
			isa = PBXShellScriptBuildPhase;
			buildActionMask = 2147483647;
			files = (
			);
			inputFileListPaths = (
			);
			inputPaths = (
				"${PODS_PODFILE_DIR_PATH}/Podfile.lock",
				"${PODS_ROOT}/Manifest.lock",
			);
			name = "[CP] Check Pods Manifest.lock";
			outputFileListPaths = (
			);
			outputPaths = (
				"$(DERIVED_FILE_DIR)/Pods-flix-checkManifestLockResult.txt",
			);
			runOnlyForDeploymentPostprocessing = 0;
			shellPath = /bin/sh;
			shellScript = "diff \"${PODS_PODFILE_DIR_PATH}/Podfile.lock\" \"${PODS_ROOT}/Manifest.lock\" > /dev/null\nif [ $? != 0 ] ; then\n    # print error to STDERR\n    echo \"error: The sandbox is not in sync with the Podfile.lock. Run 'pod install' or update your CocoaPods installation.\" >&2\n    exit 1\nfi\n# This output is used by Xcode 'outputs' to avoid re-running this script phase.\necho \"SUCCESS\" > \"${SCRIPT_OUTPUT_FILE_0}\"\n";
			showEnvVarsInLog = 0;
		};
		97AE2DFECDA017CF6491BD8C /* [CP] Embed Pods Frameworks */ = {
			isa = PBXShellScriptBuildPhase;
			buildActionMask = 2147483647;
			files = (
			);
			inputFileListPaths = (
				"${PODS_ROOT}/Target Support Files/Pods-flix/Pods-flix-frameworks-${CONFIGURATION}-input-files.xcfilelist",
			);
			name = "[CP] Embed Pods Frameworks";
			outputFileListPaths = (
				"${PODS_ROOT}/Target Support Files/Pods-flix/Pods-flix-frameworks-${CONFIGURATION}-output-files.xcfilelist",
			);
			runOnlyForDeploymentPostprocessing = 0;
			shellPath = /bin/sh;
			shellScript = "\"${PODS_ROOT}/Target Support Files/Pods-flix/Pods-flix-frameworks.sh\"\n";
			showEnvVarsInLog = 0;
		};
		F6B4D814190C0969D7D4D928 /* [CP] Embed Pods Frameworks */ = {
			isa = PBXShellScriptBuildPhase;
			buildActionMask = 2147483647;
			files = (
			);
			inputFileListPaths = (
				"${PODS_ROOT}/Target Support Files/Pods-flix-flixUITests/Pods-flix-flixUITests-frameworks-${CONFIGURATION}-input-files.xcfilelist",
			);
			name = "[CP] Embed Pods Frameworks";
			outputFileListPaths = (
				"${PODS_ROOT}/Target Support Files/Pods-flix-flixUITests/Pods-flix-flixUITests-frameworks-${CONFIGURATION}-output-files.xcfilelist",
			);
			runOnlyForDeploymentPostprocessing = 0;
			shellPath = /bin/sh;
			shellScript = "\"${PODS_ROOT}/Target Support Files/Pods-flix-flixUITests/Pods-flix-flixUITests-frameworks.sh\"\n";
			showEnvVarsInLog = 0;
		};
/* End PBXShellScriptBuildPhase section */

/* Begin PBXSourcesBuildPhase section */
		71F5E96625D737A500733DB7 /* Sources */ = {
			isa = PBXSourcesBuildPhase;
			buildActionMask = 2147483647;
			files = (
				71F5E96E25D737A600733DB7 /* AppDelegate.swift in Sources */,
				71F5E97025D737A600733DB7 /* SceneDelegate.swift in Sources */,
				71F5E9A925D7562700733DB7 /* MovieCell.swift in Sources */,
				71F5E9A425D7396600733DB7 /* MoviesViewController.swift in Sources */,
			);
			runOnlyForDeploymentPostprocessing = 0;
		};
		71F5E97C25D737A800733DB7 /* Sources */ = {
			isa = PBXSourcesBuildPhase;
			buildActionMask = 2147483647;
			files = (
				71F5E98525D737A800733DB7 /* flixTests.swift in Sources */,
			);
			runOnlyForDeploymentPostprocessing = 0;
		};
		71F5E98725D737A900733DB7 /* Sources */ = {
			isa = PBXSourcesBuildPhase;
			buildActionMask = 2147483647;
			files = (
				71F5E99025D737A900733DB7 /* flixUITests.swift in Sources */,
			);
			runOnlyForDeploymentPostprocessing = 0;
		};
/* End PBXSourcesBuildPhase section */

/* Begin PBXTargetDependency section */
		71F5E98225D737A800733DB7 /* PBXTargetDependency */ = {
			isa = PBXTargetDependency;
			target = 71F5E96925D737A500733DB7 /* flix */;
			targetProxy = 71F5E98125D737A800733DB7 /* PBXContainerItemProxy */;
		};
		71F5E98D25D737A900733DB7 /* PBXTargetDependency */ = {
			isa = PBXTargetDependency;
			target = 71F5E96925D737A500733DB7 /* flix */;
			targetProxy = 71F5E98C25D737A900733DB7 /* PBXContainerItemProxy */;
		};
/* End PBXTargetDependency section */

/* Begin PBXVariantGroup section */
		71F5E97325D737A600733DB7 /* Main.storyboard */ = {
			isa = PBXVariantGroup;
			children = (
				71F5E97425D737A600733DB7 /* Base */,
			);
			name = Main.storyboard;
			sourceTree = "<group>";
		};
		71F5E97825D737A800733DB7 /* LaunchScreen.storyboard */ = {
			isa = PBXVariantGroup;
			children = (
				71F5E97925D737A800733DB7 /* Base */,
			);
			name = LaunchScreen.storyboard;
			sourceTree = "<group>";
		};
/* End PBXVariantGroup section */

/* Begin XCBuildConfiguration section */
		71F5E99225D737A900733DB7 /* Debug */ = {
			isa = XCBuildConfiguration;
			buildSettings = {
				ALWAYS_SEARCH_USER_PATHS = NO;
				CLANG_ANALYZER_NONNULL = YES;
				CLANG_ANALYZER_NUMBER_OBJECT_CONVERSION = YES_AGGRESSIVE;
				CLANG_CXX_LANGUAGE_STANDARD = "gnu++14";
				CLANG_CXX_LIBRARY = "libc++";
				CLANG_ENABLE_MODULES = YES;
				CLANG_ENABLE_OBJC_ARC = YES;
				CLANG_ENABLE_OBJC_WEAK = YES;
				CLANG_WARN_BLOCK_CAPTURE_AUTORELEASING = YES;
				CLANG_WARN_BOOL_CONVERSION = YES;
				CLANG_WARN_COMMA = YES;
				CLANG_WARN_CONSTANT_CONVERSION = YES;
				CLANG_WARN_DEPRECATED_OBJC_IMPLEMENTATIONS = YES;
				CLANG_WARN_DIRECT_OBJC_ISA_USAGE = YES_ERROR;
				CLANG_WARN_DOCUMENTATION_COMMENTS = YES;
				CLANG_WARN_EMPTY_BODY = YES;
				CLANG_WARN_ENUM_CONVERSION = YES;
				CLANG_WARN_INFINITE_RECURSION = YES;
				CLANG_WARN_INT_CONVERSION = YES;
				CLANG_WARN_NON_LITERAL_NULL_CONVERSION = YES;
				CLANG_WARN_OBJC_IMPLICIT_RETAIN_SELF = YES;
				CLANG_WARN_OBJC_LITERAL_CONVERSION = YES;
				CLANG_WARN_OBJC_ROOT_CLASS = YES_ERROR;
				CLANG_WARN_QUOTED_INCLUDE_IN_FRAMEWORK_HEADER = YES;
				CLANG_WARN_RANGE_LOOP_ANALYSIS = YES;
				CLANG_WARN_STRICT_PROTOTYPES = YES;
				CLANG_WARN_SUSPICIOUS_MOVE = YES;
				CLANG_WARN_UNGUARDED_AVAILABILITY = YES_AGGRESSIVE;
				CLANG_WARN_UNREACHABLE_CODE = YES;
				CLANG_WARN__DUPLICATE_METHOD_MATCH = YES;
				COPY_PHASE_STRIP = NO;
				DEBUG_INFORMATION_FORMAT = dwarf;
				ENABLE_STRICT_OBJC_MSGSEND = YES;
				ENABLE_TESTABILITY = YES;
				GCC_C_LANGUAGE_STANDARD = gnu11;
				GCC_DYNAMIC_NO_PIC = NO;
				GCC_NO_COMMON_BLOCKS = YES;
				GCC_OPTIMIZATION_LEVEL = 0;
				GCC_PREPROCESSOR_DEFINITIONS = (
					"DEBUG=1",
					"$(inherited)",
				);
				GCC_WARN_64_TO_32_BIT_CONVERSION = YES;
				GCC_WARN_ABOUT_RETURN_TYPE = YES_ERROR;
				GCC_WARN_UNDECLARED_SELECTOR = YES;
				GCC_WARN_UNINITIALIZED_AUTOS = YES_AGGRESSIVE;
				GCC_WARN_UNUSED_FUNCTION = YES;
				GCC_WARN_UNUSED_VARIABLE = YES;
				IPHONEOS_DEPLOYMENT_TARGET = 14.4;
				MTL_ENABLE_DEBUG_INFO = INCLUDE_SOURCE;
				MTL_FAST_MATH = YES;
				ONLY_ACTIVE_ARCH = YES;
				SDKROOT = iphoneos;
				SWIFT_ACTIVE_COMPILATION_CONDITIONS = DEBUG;
				SWIFT_OPTIMIZATION_LEVEL = "-Onone";
			};
			name = Debug;
		};
		71F5E99325D737A900733DB7 /* Release */ = {
			isa = XCBuildConfiguration;
			buildSettings = {
				ALWAYS_SEARCH_USER_PATHS = NO;
				CLANG_ANALYZER_NONNULL = YES;
				CLANG_ANALYZER_NUMBER_OBJECT_CONVERSION = YES_AGGRESSIVE;
				CLANG_CXX_LANGUAGE_STANDARD = "gnu++14";
				CLANG_CXX_LIBRARY = "libc++";
				CLANG_ENABLE_MODULES = YES;
				CLANG_ENABLE_OBJC_ARC = YES;
				CLANG_ENABLE_OBJC_WEAK = YES;
				CLANG_WARN_BLOCK_CAPTURE_AUTORELEASING = YES;
				CLANG_WARN_BOOL_CONVERSION = YES;
				CLANG_WARN_COMMA = YES;
				CLANG_WARN_CONSTANT_CONVERSION = YES;
				CLANG_WARN_DEPRECATED_OBJC_IMPLEMENTATIONS = YES;
				CLANG_WARN_DIRECT_OBJC_ISA_USAGE = YES_ERROR;
				CLANG_WARN_DOCUMENTATION_COMMENTS = YES;
				CLANG_WARN_EMPTY_BODY = YES;
				CLANG_WARN_ENUM_CONVERSION = YES;
				CLANG_WARN_INFINITE_RECURSION = YES;
				CLANG_WARN_INT_CONVERSION = YES;
				CLANG_WARN_NON_LITERAL_NULL_CONVERSION = YES;
				CLANG_WARN_OBJC_IMPLICIT_RETAIN_SELF = YES;
				CLANG_WARN_OBJC_LITERAL_CONVERSION = YES;
				CLANG_WARN_OBJC_ROOT_CLASS = YES_ERROR;
				CLANG_WARN_QUOTED_INCLUDE_IN_FRAMEWORK_HEADER = YES;
				CLANG_WARN_RANGE_LOOP_ANALYSIS = YES;
				CLANG_WARN_STRICT_PROTOTYPES = YES;
				CLANG_WARN_SUSPICIOUS_MOVE = YES;
				CLANG_WARN_UNGUARDED_AVAILABILITY = YES_AGGRESSIVE;
				CLANG_WARN_UNREACHABLE_CODE = YES;
				CLANG_WARN__DUPLICATE_METHOD_MATCH = YES;
				COPY_PHASE_STRIP = NO;
				DEBUG_INFORMATION_FORMAT = "dwarf-with-dsym";
				ENABLE_NS_ASSERTIONS = NO;
				ENABLE_STRICT_OBJC_MSGSEND = YES;
				GCC_C_LANGUAGE_STANDARD = gnu11;
				GCC_NO_COMMON_BLOCKS = YES;
				GCC_WARN_64_TO_32_BIT_CONVERSION = YES;
				GCC_WARN_ABOUT_RETURN_TYPE = YES_ERROR;
				GCC_WARN_UNDECLARED_SELECTOR = YES;
				GCC_WARN_UNINITIALIZED_AUTOS = YES_AGGRESSIVE;
				GCC_WARN_UNUSED_FUNCTION = YES;
				GCC_WARN_UNUSED_VARIABLE = YES;
				IPHONEOS_DEPLOYMENT_TARGET = 14.4;
				MTL_ENABLE_DEBUG_INFO = NO;
				MTL_FAST_MATH = YES;
				SDKROOT = iphoneos;
				SWIFT_COMPILATION_MODE = wholemodule;
				SWIFT_OPTIMIZATION_LEVEL = "-O";
				VALIDATE_PRODUCT = YES;
			};
			name = Release;
		};
		71F5E99525D737A900733DB7 /* Debug */ = {
			isa = XCBuildConfiguration;
			baseConfigurationReference = 570CFA35839F203F2F90D072 /* Pods-flix.debug.xcconfig */;
			buildSettings = {
				ASSETCATALOG_COMPILER_APPICON_NAME = AppIcon;
				ASSETCATALOG_COMPILER_GLOBAL_ACCENT_COLOR_NAME = AccentColor;
				CODE_SIGN_STYLE = Automatic;
				INFOPLIST_FILE = flix/Info.plist;
				LD_RUNPATH_SEARCH_PATHS = (
					"$(inherited)",
					"@executable_path/Frameworks",
				);
				PRODUCT_BUNDLE_IDENTIFIER = codepath.flix;
				PRODUCT_NAME = "$(TARGET_NAME)";
				SWIFT_VERSION = 5.0;
				TARGETED_DEVICE_FAMILY = "1,2";
			};
			name = Debug;
		};
		71F5E99625D737A900733DB7 /* Release */ = {
			isa = XCBuildConfiguration;
			baseConfigurationReference = D95AD6B88C64C3D45B5C9D9D /* Pods-flix.release.xcconfig */;
			buildSettings = {
				ASSETCATALOG_COMPILER_APPICON_NAME = AppIcon;
				ASSETCATALOG_COMPILER_GLOBAL_ACCENT_COLOR_NAME = AccentColor;
				CODE_SIGN_STYLE = Automatic;
				INFOPLIST_FILE = flix/Info.plist;
				LD_RUNPATH_SEARCH_PATHS = (
					"$(inherited)",
					"@executable_path/Frameworks",
				);
				PRODUCT_BUNDLE_IDENTIFIER = codepath.flix;
				PRODUCT_NAME = "$(TARGET_NAME)";
				SWIFT_VERSION = 5.0;
				TARGETED_DEVICE_FAMILY = "1,2";
			};
			name = Release;
		};
		71F5E99825D737A900733DB7 /* Debug */ = {
			isa = XCBuildConfiguration;
			baseConfigurationReference = EB6FF91C4D3004497B992F54 /* Pods-flixTests.debug.xcconfig */;
			buildSettings = {
				ALWAYS_EMBED_SWIFT_STANDARD_LIBRARIES = YES;
				BUNDLE_LOADER = "$(TEST_HOST)";
				CODE_SIGN_STYLE = Automatic;
				INFOPLIST_FILE = flixTests/Info.plist;
				IPHONEOS_DEPLOYMENT_TARGET = 14.4;
				LD_RUNPATH_SEARCH_PATHS = (
					"$(inherited)",
					"@executable_path/Frameworks",
					"@loader_path/Frameworks",
				);
				PRODUCT_BUNDLE_IDENTIFIER = codepath.flixTests;
				PRODUCT_NAME = "$(TARGET_NAME)";
				SWIFT_VERSION = 5.0;
				TARGETED_DEVICE_FAMILY = "1,2";
				TEST_HOST = "$(BUILT_PRODUCTS_DIR)/flix.app/flix";
			};
			name = Debug;
		};
		71F5E99925D737A900733DB7 /* Release */ = {
			isa = XCBuildConfiguration;
			baseConfigurationReference = C0DBEDF0D085653875EF515F /* Pods-flixTests.release.xcconfig */;
			buildSettings = {
				ALWAYS_EMBED_SWIFT_STANDARD_LIBRARIES = YES;
				BUNDLE_LOADER = "$(TEST_HOST)";
				CODE_SIGN_STYLE = Automatic;
				INFOPLIST_FILE = flixTests/Info.plist;
				IPHONEOS_DEPLOYMENT_TARGET = 14.4;
				LD_RUNPATH_SEARCH_PATHS = (
					"$(inherited)",
					"@executable_path/Frameworks",
					"@loader_path/Frameworks",
				);
				PRODUCT_BUNDLE_IDENTIFIER = codepath.flixTests;
				PRODUCT_NAME = "$(TARGET_NAME)";
				SWIFT_VERSION = 5.0;
				TARGETED_DEVICE_FAMILY = "1,2";
				TEST_HOST = "$(BUILT_PRODUCTS_DIR)/flix.app/flix";
			};
			name = Release;
		};
		71F5E99B25D737A900733DB7 /* Debug */ = {
			isa = XCBuildConfiguration;
			baseConfigurationReference = 833F435921F15C858D384BFA /* Pods-flix-flixUITests.debug.xcconfig */;
			buildSettings = {
				ALWAYS_EMBED_SWIFT_STANDARD_LIBRARIES = YES;
				CODE_SIGN_STYLE = Automatic;
				INFOPLIST_FILE = flixUITests/Info.plist;
				LD_RUNPATH_SEARCH_PATHS = (
					"$(inherited)",
					"@executable_path/Frameworks",
					"@loader_path/Frameworks",
				);
				PRODUCT_BUNDLE_IDENTIFIER = codepath.flixUITests;
				PRODUCT_NAME = "$(TARGET_NAME)";
				SWIFT_VERSION = 5.0;
				TARGETED_DEVICE_FAMILY = "1,2";
				TEST_TARGET_NAME = flix;
			};
			name = Debug;
		};
		71F5E99C25D737A900733DB7 /* Release */ = {
			isa = XCBuildConfiguration;
			baseConfigurationReference = AA71CD4B1C022BB59101A327 /* Pods-flix-flixUITests.release.xcconfig */;
			buildSettings = {
				ALWAYS_EMBED_SWIFT_STANDARD_LIBRARIES = YES;
				CODE_SIGN_STYLE = Automatic;
				INFOPLIST_FILE = flixUITests/Info.plist;
				LD_RUNPATH_SEARCH_PATHS = (
					"$(inherited)",
					"@executable_path/Frameworks",
					"@loader_path/Frameworks",
				);
				PRODUCT_BUNDLE_IDENTIFIER = codepath.flixUITests;
				PRODUCT_NAME = "$(TARGET_NAME)";
				SWIFT_VERSION = 5.0;
				TARGETED_DEVICE_FAMILY = "1,2";
				TEST_TARGET_NAME = flix;
			};
			name = Release;
		};
/* End XCBuildConfiguration section */

/* Begin XCConfigurationList section */
		71F5E96525D737A500733DB7 /* Build configuration list for PBXProject "flix" */ = {
			isa = XCConfigurationList;
			buildConfigurations = (
				71F5E99225D737A900733DB7 /* Debug */,
				71F5E99325D737A900733DB7 /* Release */,
			);
			defaultConfigurationIsVisible = 0;
			defaultConfigurationName = Release;
		};
		71F5E99425D737A900733DB7 /* Build configuration list for PBXNativeTarget "flix" */ = {
			isa = XCConfigurationList;
			buildConfigurations = (
				71F5E99525D737A900733DB7 /* Debug */,
				71F5E99625D737A900733DB7 /* Release */,
			);
			defaultConfigurationIsVisible = 0;
			defaultConfigurationName = Release;
		};
		71F5E99725D737A900733DB7 /* Build configuration list for PBXNativeTarget "flixTests" */ = {
			isa = XCConfigurationList;
			buildConfigurations = (
				71F5E99825D737A900733DB7 /* Debug */,
				71F5E99925D737A900733DB7 /* Release */,
			);
			defaultConfigurationIsVisible = 0;
			defaultConfigurationName = Release;
		};
		71F5E99A25D737A900733DB7 /* Build configuration list for PBXNativeTarget "flixUITests" */ = {
			isa = XCConfigurationList;
			buildConfigurations = (
				71F5E99B25D737A900733DB7 /* Debug */,
				71F5E99C25D737A900733DB7 /* Release */,
			);
			defaultConfigurationIsVisible = 0;
			defaultConfigurationName = Release;
		};
/* End XCConfigurationList section */
	};
	rootObject = 71F5E96225D737A500733DB7 /* Project object */;
}
